
Microsoft Visual Studio Solution File, Format Version 12.00
# Visual Studio Version 16
VisualStudioVersion = 16.0.30611.23
MinimumVisualStudioVersion = 10.0.40219.1
Project("{FAE04EC0-301F-11D3-BF4B-00C04F79EFBC}") = "T3", "T3\T3.csproj", "{DE6FFA2F-6849-49CA-96D9-837441C80002}"
EndProject
Project("{FAE04EC0-301F-11D3-BF4B-00C04F79EFBC}") = "T3-2", "T3-2\T3-2.csproj", "{34A15547-84BD-41EC-B08B-BC007E3757A8}"
EndProject
Global
	GlobalSection(SolutionConfigurationPlatforms) = preSolution
		Debug|Any CPU = Debug|Any CPU
		Release|Any CPU = Release|Any CPU
	EndGlobalSection
	GlobalSection(ProjectConfigurationPlatforms) = postSolution
		{DE6FFA2F-6849-49CA-96D9-837441C80002}.Debug|Any CPU.ActiveCfg = Debug|Any CPU
		{DE6FFA2F-6849-49CA-96D9-837441C80002}.Debug|Any CPU.Build.0 = Debug|Any CPU
		{DE6FFA2F-6849-49CA-96D9-837441C80002}.Release|Any CPU.ActiveCfg = Release|Any CPU
		{DE6FFA2F-6849-49CA-96D9-837441C80002}.Release|Any CPU.Build.0 = Release|Any CPU
		{34A15547-84BD-41EC-B08B-BC007E3757A8}.Debug|Any CPU.ActiveCfg = Debug|Any CPU
		{34A15547-84BD-41EC-B08B-BC007E3757A8}.Debug|Any CPU.Build.0 = Debug|Any CPU
		{34A15547-84BD-41EC-B08B-BC007E3757A8}.Release|Any CPU.ActiveCfg = Release|Any CPU
		{34A15547-84BD-41EC-B08B-BC007E3757A8}.Release|Any CPU.Build.0 = Release|Any CPU
	EndGlobalSection
	GlobalSection(SolutionProperties) = preSolution
		HideSolutionNode = FALSE
	EndGlobalSection
	GlobalSection(ExtensibilityGlobals) = postSolution
		SolutionGuid = {885015AD-6649-419B-B35E-4E0F1CA8DE3E}
	EndGlobalSection
EndGlobal
